// !$*UTF8*$!
{
	archiveVersion = 1;
	classes = {
	};
	objectVersion = 46;
	objects = {

/* Begin PBXBuildFile section */
		2AA95D2215A9C8AE00F6E46B /* UIKit.framework in Frameworks */ = {isa = PBXBuildFile; fileRef = 2AA95D2115A9C8AE00F6E46B /* UIKit.framework */; };
		2AA95D2415A9C8AE00F6E46B /* Foundation.framework in Frameworks */ = {isa = PBXBuildFile; fileRef = 2AA95D2315A9C8AE00F6E46B /* Foundation.framework */; };
		2AA95D2615A9C8AE00F6E46B /* CoreGraphics.framework in Frameworks */ = {isa = PBXBuildFile; fileRef = 2AA95D2515A9C8AE00F6E46B /* CoreGraphics.framework */; };
		2AA95D2C15A9C8AE00F6E46B /* InfoPlist.strings in Resources */ = {isa = PBXBuildFile; fileRef = 2AA95D2A15A9C8AE00F6E46B /* InfoPlist.strings */; };
		2AA95D2E15A9C8AE00F6E46B /* main.m in Sources */ = {isa = PBXBuildFile; fileRef = 2AA95D2D15A9C8AE00F6E46B /* main.m */; };
		2AA95D3215A9C8AE00F6E46B /* BattleTextAppDelegate.m in Sources */ = {isa = PBXBuildFile; fileRef = 2AA95D3115A9C8AE00F6E46B /* BattleTextAppDelegate.m */; };
		2AA95D3515A9C8AE00F6E46B /* BattleTextViewController.m in Sources */ = {isa = PBXBuildFile; fileRef = 2AA95D3415A9C8AE00F6E46B /* BattleTextViewController.m */; };
		2AA95D3815A9C8AE00F6E46B /* BattleTextViewController.xib in Resources */ = {isa = PBXBuildFile; fileRef = 2AA95D3615A9C8AE00F6E46B /* BattleTextViewController.xib */; };
/* End PBXBuildFile section */

/* Begin PBXFileReference section */
		2AA95D1D15A9C8AE00F6E46B /* BattleTextProject.app */ = {isa = PBXFileReference; explicitFileType = wrapper.application; includeInIndex = 0; path = BattleTextProject.app; sourceTree = BUILT_PRODUCTS_DIR; };
		2AA95D2115A9C8AE00F6E46B /* UIKit.framework */ = {isa = PBXFileReference; lastKnownFileType = wrapper.framework; name = UIKit.framework; path = System/Library/Frameworks/UIKit.framework; sourceTree = SDKROOT; };
		2AA95D2315A9C8AE00F6E46B /* Foundation.framework */ = {isa = PBXFileReference; lastKnownFileType = wrapper.framework; name = Foundation.framework; path = System/Library/Frameworks/Foundation.framework; sourceTree = SDKROOT; };
		2AA95D2515A9C8AE00F6E46B /* CoreGraphics.framework */ = {isa = PBXFileReference; lastKnownFileType = wrapper.framework; name = CoreGraphics.framework; path = System/Library/Frameworks/CoreGraphics.framework; sourceTree = SDKROOT; };
		2AA95D2915A9C8AE00F6E46B /* BattleTextProject-Info.plist */ = {isa = PBXFileReference; path = "BattleTextProject-Info.plist"; sourceTree = "<group>"; };
		2AA95D2B15A9C8AE00F6E46B /* en */ = {isa = PBXFileReference; lastKnownFileType = text.plist.strings; name = en; path = en.lproj/InfoPlist.strings; sourceTree = "<group>"; };
		2AA95D2D15A9C8AE00F6E46B /* main.m */ = {isa = PBXFileReference; lastKnownFileType = sourcecode.c.objc; path = main.m; sourceTree = "<group>"; };
		2AA95D2F15A9C8AE00F6E46B /* BattleTextProject-Prefix.pch */ = {isa = PBXFileReference; path = "BattleTextProject-Prefix.pch"; sourceTree = "<group>"; };
		2AA95D3015A9C8AE00F6E46B /* BattleTextAppDelegate.h */ = {isa = PBXFileReference; path = BattleTextAppDelegate.h; sourceTree = "<group>"; };
		2AA95D3115A9C8AE00F6E46B /* BattleTextAppDelegate.m */ = {isa = PBXFileReference; lastKnownFileType = sourcecode.c.objc; path = BattleTextAppDelegate.m; sourceTree = "<group>"; };
		2AA95D3315A9C8AE00F6E46B /* BattleTextViewController.h */ = {isa = PBXFileReference; path = BattleTextViewController.h; sourceTree = "<group>"; };
		2AA95D3415A9C8AE00F6E46B /* BattleTextViewController.m */ = {isa = PBXFileReference; lastKnownFileType = sourcecode.c.objc; path = BattleTextViewController.m; sourceTree = "<group>"; };
		2AA95D3715A9C8AE00F6E46B /* en */ = {isa = PBXFileReference; lastKnownFileType = file.xib; name = en; path = en.lproj/BattleTextViewController.xib; sourceTree = "<group>"; };
/* End PBXFileReference section */

/* Begin PBXFrameworksBuildPhase section */
		2AA95D1A15A9C8AE00F6E46B /* Frameworks */ = {
			isa = PBXFrameworksBuildPhase;
			buildActionMask = 2147483647;
			files = (
				2AA95D2215A9C8AE00F6E46B /* UIKit.framework in Frameworks */,
				2AA95D2415A9C8AE00F6E46B /* Foundation.framework in Frameworks */,
				2AA95D2615A9C8AE00F6E46B /* CoreGraphics.framework in Frameworks */,
			);
			runOnlyForDeploymentPostprocessing = 0;
		};
/* End PBXFrameworksBuildPhase section */

/* Begin PBXGroup section */
		2AA95D1215A9C8AD00F6E46B = {
			isa = PBXGroup;
			children = (
				2AA95D2715A9C8AE00F6E46B /* BattleTextProject */,
				2AA95D2015A9C8AE00F6E46B /* Frameworks */,
				2AA95D1E15A9C8AE00F6E46B /* Products */,
			);
			sourceTree = "<group>";
		};
		2AA95D1E15A9C8AE00F6E46B /* Products */ = {
			isa = PBXGroup;
			children = (
				2AA95D1D15A9C8AE00F6E46B /* BattleTextProject.app */,
			);
			name = Products;
			sourceTree = "<group>";
		};
		2AA95D2015A9C8AE00F6E46B /* Frameworks */ = {
			isa = PBXGroup;
			children = (
				2AA95D2115A9C8AE00F6E46B /* UIKit.framework */,
				2AA95D2315A9C8AE00F6E46B /* Foundation.framework */,
				2AA95D2515A9C8AE00F6E46B /* CoreGraphics.framework */,
			);
			name = Frameworks;
			sourceTree = "<group>";
		};
		2AA95D2715A9C8AE00F6E46B /* BattleTextProject */ = {
			isa = PBXGroup;
			children = (
				2AA95D3015A9C8AE00F6E46B /* BattleTextAppDelegate.h */,
				2AA95D3115A9C8AE00F6E46B /* BattleTextAppDelegate.m */,
				2AA95D3315A9C8AE00F6E46B /* BattleTextViewController.h */,
				2AA95D3415A9C8AE00F6E46B /* BattleTextViewController.m */,
				2AA95D3615A9C8AE00F6E46B /* BattleTextViewController.xib */,
				2AA95D2815A9C8AE00F6E46B /* Supporting Files */,
			);
			path = BattleTextProject;
			sourceTree = "<group>";
		};
		2AA95D2815A9C8AE00F6E46B /* Supporting Files */ = {
			isa = PBXGroup;
			children = (
				2AA95D2915A9C8AE00F6E46B /* BattleTextProject-Info.plist */,
				2AA95D2A15A9C8AE00F6E46B /* InfoPlist.strings */,
				2AA95D2D15A9C8AE00F6E46B /* main.m */,
				2AA95D2F15A9C8AE00F6E46B /* BattleTextProject-Prefix.pch */,
			);
			name = "Supporting Files";
			sourceTree = "<group>";
		};
/* End PBXGroup section */

/* Begin PBXNativeTarget section */
		2AA95D1C15A9C8AE00F6E46B /* BattleTextProject */ = {
			isa = PBXNativeTarget;
			buildConfigurationList = 2AA95D3B15A9C8AE00F6E46B /* Build configuration list for PBXNativeTarget "BattleTextProject" */;
			buildPhases = (
				2AA95D1915A9C8AE00F6E46B /* Sources */,
				2AA95D1A15A9C8AE00F6E46B /* Frameworks */,
				2AA95D1B15A9C8AE00F6E46B /* Resources */,
			);
			buildRules = (
			);
			dependencies = (
			);
			name = BattleTextProject;
			productName = BattleTextProject;
			productReference = 2AA95D1D15A9C8AE00F6E46B /* BattleTextProject.app */;
			productType = "com.apple.product-type.application";
		};
/* End PBXNativeTarget section */

/* Begin PBXProject section */
		2AA95D1415A9C8AD00F6E46B /* Project object */ = {
			isa = PBXProject;
			attributes = {
				CLASSPREFIX = BattleText;
				LastUpgradeCheck = 0430;
			};
			buildConfigurationList = 2AA95D1715A9C8AD00F6E46B /* Build configuration list for PBXProject "BattleTextProject" */;
			compatibilityVersion = "Xcode 3.2";
			developmentRegion = English;
			hasScannedForEncodings = 0;
			knownRegions = (
				en,
			);
			mainGroup = 2AA95D1215A9C8AD00F6E46B;
			productRefGroup = 2AA95D1E15A9C8AE00F6E46B /* Products */;
			projectDirPath = "";
			projectRoot = "";
			targets = (
				2AA95D1C15A9C8AE00F6E46B /* BattleTextProject */,
			);
		};
/* End PBXProject section */

/* Begin PBXResourcesBuildPhase section */
		2AA95D1B15A9C8AE00F6E46B /* Resources */ = {
			isa = PBXResourcesBuildPhase;
			buildActionMask = 2147483647;
			files = (
				2AA95D2C15A9C8AE00F6E46B /* InfoPlist.strings in Resources */,
				2AA95D3815A9C8AE00F6E46B /* BattleTextViewController.xib in Resources */,
			);
			runOnlyForDeploymentPostprocessing = 0;
		};
/* End PBXResourcesBuildPhase section */

/* Begin PBXSourcesBuildPhase section */
		2AA95D1915A9C8AE00F6E46B /* Sources */ = {
			isa = PBXSourcesBuildPhase;
			buildActionMask = 2147483647;
			files = (
				2AA95D2E15A9C8AE00F6E46B /* main.m in Sources */,
				2AA95D3215A9C8AE00F6E46B /* BattleTextAppDelegate.m in Sources */,
				2AA95D3515A9C8AE00F6E46B /* BattleTextViewController.m in Sources */,
			);
			runOnlyForDeploymentPostprocessing = 0;
		};
/* End PBXSourcesBuildPhase section */

/* Begin PBXVariantGroup section */
		2AA95D2A15A9C8AE00F6E46B /* InfoPlist.strings */ = {
			isa = PBXVariantGroup;
			children = (
				2AA95D2B15A9C8AE00F6E46B /* en */,
			);
			name = InfoPlist.strings;
			sourceTree = "<group>";
		};
		2AA95D3615A9C8AE00F6E46B /* BattleTextViewController.xib */ = {
			isa = PBXVariantGroup;
			children = (
				2AA95D3715A9C8AE00F6E46B /* en */,
			);
			name = BattleTextViewController.xib;
			sourceTree = "<group>";
		};
/* End PBXVariantGroup section */

/* Begin XCBuildConfiguration section */
		2AA95D3915A9C8AE00F6E46B /* Debug */ = {
			isa = XCBuildConfiguration;
			buildSettings = {
				ALWAYS_SEARCH_USER_PATHS = NO;
				ARCHS = "$(ARCHS_STANDARD_32_BIT)";
				"CODE_SIGN_IDENTITY[sdk=iphoneos*]" = "iPhone Developer";
				COPY_PHASE_STRIP = NO;
				GCC_C_LANGUAGE_STANDARD = gnu99;
				GCC_DYNAMIC_NO_PIC = NO;
				GCC_OPTIMIZATION_LEVEL = 0;
				GCC_PREPROCESSOR_DEFINITIONS = (
					"DEBUG=1",
					"$(inherited)",
				);
				GCC_SYMBOLS_PRIVATE_EXTERN = NO;
				GCC_VERSION = com.apple.compilers.llvm.clang.1_0;
				GCC_WARN_ABOUT_RETURN_TYPE = YES;
				GCC_WARN_UNINITIALIZED_AUTOS = YES;
				GCC_WARN_UNUSED_VARIABLE = YES;
				IPHONEOS_DEPLOYMENT_TARGET = 5.1;
				SDKROOT = iphoneos;
			};
			name = Debug;
		};
		2AA95D3A15A9C8AE00F6E46B /* Release */ = {
			isa = XCBuildConfiguration;
			buildSettings = {
				ALWAYS_SEARCH_USER_PATHS = NO;
				ARCHS = "$(ARCHS_STANDARD_32_BIT)";
				"CODE_SIGN_IDENTITY[sdk=iphoneos*]" = "iPhone Developer";
				COPY_PHASE_STRIP = YES;
				GCC_C_LANGUAGE_STANDARD = gnu99;
				GCC_VERSION = com.apple.compilers.llvm.clang.1_0;
				GCC_WARN_ABOUT_RETURN_TYPE = YES;
				GCC_WARN_UNINITIALIZED_AUTOS = YES;
				GCC_WARN_UNUSED_VARIABLE = YES;
				IPHONEOS_DEPLOYMENT_TARGET = 5.1;
				OTHER_CFLAGS = "-DNS_BLOCK_ASSERTIONS=1";
				SDKROOT = iphoneos;
				VALIDATE_PRODUCT = YES;
			};
			name = Release;
		};
		2AA95D3C15A9C8AE00F6E46B /* Debug */ = {
			isa = XCBuildConfiguration;
			buildSettings = {
				GCC_PRECOMPILE_PREFIX_HEADER = YES;
				GCC_PREFIX_HEADER = "BattleTextProject/BattleTextProject-Prefix.pch";
				INFOPLIST_FILE = "BattleTextProject/BattleTextProject-Info.plist";
				PRODUCT_NAME = "$(TARGET_NAME)";
				WRAPPER_EXTENSION = app;
			};
			name = Debug;
		};
		2AA95D3D15A9C8AE00F6E46B /* Release */ = {
			isa = XCBuildConfiguration;
			buildSettings = {
				GCC_PRECOMPILE_PREFIX_HEADER = YES;
				GCC_PREFIX_HEADER = "BattleTextProject/BattleTextProject-Prefix.pch";
				INFOPLIST_FILE = "BattleTextProject/BattleTextProject-Info.plist";
				PRODUCT_NAME = "$(TARGET_NAME)";
				WRAPPER_EXTENSION = app;
			};
			name = Release;
		};
/* End XCBuildConfiguration section */

/* Begin XCConfigurationList section */
		2AA95D1715A9C8AD00F6E46B /* Build configuration list for PBXProject "BattleTextProject" */ = {
			isa = XCConfigurationList;
			buildConfigurations = (
				2AA95D3915A9C8AE00F6E46B /* Debug */,
				2AA95D3A15A9C8AE00F6E46B /* Release */,
			);
			defaultConfigurationIsVisible = 0;
			defaultConfigurationName = Release;
		};
		2AA95D3B15A9C8AE00F6E46B /* Build configuration list for PBXNativeTarget "BattleTextProject" */ = {
			isa = XCConfigurationList;
			buildConfigurations = (
				2AA95D3C15A9C8AE00F6E46B /* Debug */,
				2AA95D3D15A9C8AE00F6E46B /* Release */,
			);
			defaultConfigurationIsVisible = 0;
		};
/* End XCConfigurationList section */
	};
	rootObject = 2AA95D1415A9C8AD00F6E46B /* Project object */;
}
